// !$*UTF8*$!
{
	archiveVersion = 1;
	classes = {
	};
	objectVersion = 46;
	objects = {

/* Begin PBXBuildFile section */
		7BFBFCA91BF286B000F72B29 /* AppDelegate.swift in Sources */ = {isa = PBXBuildFile; fileRef = 7BFBFCA81BF286B000F72B29 /* AppDelegate.swift */; };
		7BFBFCAB1BF286B000F72B29 /* ViewController.swift in Sources */ = {isa = PBXBuildFile; fileRef = 7BFBFCAA1BF286B000F72B29 /* ViewController.swift */; };
		7BFBFCAE1BF286B000F72B29 /* Main.storyboard in Resources */ = {isa = PBXBuildFile; fileRef = 7BFBFCAC1BF286B000F72B29 /* Main.storyboard */; };
		7BFBFCB11BF286B000F72B29 /* TodoApp.xcdatamodeld in Sources */ = {isa = PBXBuildFile; fileRef = 7BFBFCAF1BF286B000F72B29 /* TodoApp.xcdatamodeld */; };
		7BFBFCB31BF286B000F72B29 /* Assets.xcassets in Resources */ = {isa = PBXBuildFile; fileRef = 7BFBFCB21BF286B000F72B29 /* Assets.xcassets */; };
		7BFBFCB61BF286B000F72B29 /* LaunchScreen.storyboard in Resources */ = {isa = PBXBuildFile; fileRef = 7BFBFCB41BF286B000F72B29 /* LaunchScreen.storyboard */; };
/* End PBXBuildFile section */

/* Begin PBXFileReference section */
		7BFBFCA51BF286B000F72B29 /* TodoApp.app */ = {isa = PBXFileReference; explicitFileType = wrapper.application; includeInIndex = 0; path = TodoApp.app; sourceTree = BUILT_PRODUCTS_DIR; };
		7BFBFCA81BF286B000F72B29 /* AppDelegate.swift */ = {isa = PBXFileReference; lastKnownFileType = sourcecode.swift; path = AppDelegate.swift; sourceTree = "<group>"; };
		7BFBFCAA1BF286B000F72B29 /* ViewController.swift */ = {isa = PBXFileReference; lastKnownFileType = sourcecode.swift; path = ViewController.swift; sourceTree = "<group>"; };
		7BFBFCAD1BF286B000F72B29 /* Base */ = {isa = PBXFileReference; lastKnownFileType = file.storyboard; name = Base; path = Base.lproj/Main.storyboard; sourceTree = "<group>"; };
		7BFBFCB01BF286B000F72B29 /* TodoApp.xcdatamodel */ = {isa = PBXFileReference; lastKnownFileType = wrapper.xcdatamodel; path = TodoApp.xcdatamodel; sourceTree = "<group>"; };
		7BFBFCB21BF286B000F72B29 /* Assets.xcassets */ = {isa = PBXFileReference; lastKnownFileType = folder.assetcatalog; path = Assets.xcassets; sourceTree = "<group>"; };
		7BFBFCB51BF286B000F72B29 /* Base */ = {isa = PBXFileReference; lastKnownFileType = file.storyboard; name = Base; path = Base.lproj/LaunchScreen.storyboard; sourceTree = "<group>"; };
		7BFBFCB71BF286B000F72B29 /* Info.plist */ = {isa = PBXFileReference; lastKnownFileType = text.plist.xml; path = Info.plist; sourceTree = "<group>"; };
/* End PBXFileReference section */

/* Begin PBXFrameworksBuildPhase section */
		7BFBFCA21BF286B000F72B29 /* Frameworks */ = {
			isa = PBXFrameworksBuildPhase;
			buildActionMask = 2147483647;
			files = (
			);
			runOnlyForDeploymentPostprocessing = 0;
		};
/* End PBXFrameworksBuildPhase section */

/* Begin PBXGroup section */
		7BFBFC9C1BF286B000F72B29 = {
			isa = PBXGroup;
			children = (
				7BFBFCA71BF286B000F72B29 /* TodoApp */,
				7BFBFCA61BF286B000F72B29 /* Products */,
			);
			sourceTree = "<group>";
		};
		7BFBFCA61BF286B000F72B29 /* Products */ = {
			isa = PBXGroup;
			children = (
				7BFBFCA51BF286B000F72B29 /* TodoApp.app */,
			);
			name = Products;
			sourceTree = "<group>";
		};
		7BFBFCA71BF286B000F72B29 /* TodoApp */ = {
			isa = PBXGroup;
			children = (
				7BFBFCA81BF286B000F72B29 /* AppDelegate.swift */,
				7BFBFCAA1BF286B000F72B29 /* ViewController.swift */,
				7BFBFCAC1BF286B000F72B29 /* Main.storyboard */,
				7BFBFCB21BF286B000F72B29 /* Assets.xcassets */,
				7BFBFCB41BF286B000F72B29 /* LaunchScreen.storyboard */,
				7BFBFCB71BF286B000F72B29 /* Info.plist */,
				7BFBFCAF1BF286B000F72B29 /* TodoApp.xcdatamodeld */,
			);
			path = TodoApp;
			sourceTree = "<group>";
		};
/* End PBXGroup section */

/* Begin PBXNativeTarget section */
		7BFBFCA41BF286B000F72B29 /* TodoApp */ = {
			isa = PBXNativeTarget;
			buildConfigurationList = 7BFBFCBA1BF286B000F72B29 /* Build configuration list for PBXNativeTarget "TodoApp" */;
			buildPhases = (
				7BFBFCA11BF286B000F72B29 /* Sources */,
				7BFBFCA21BF286B000F72B29 /* Frameworks */,
				7BFBFCA31BF286B000F72B29 /* Resources */,
			);
			buildRules = (
			);
			dependencies = (
			);
			name = TodoApp;
			productName = TodoApp;
			productReference = 7BFBFCA51BF286B000F72B29 /* TodoApp.app */;
			productType = "com.apple.product-type.application";
		};
/* End PBXNativeTarget section */

/* Begin PBXProject section */
		7BFBFC9D1BF286B000F72B29 /* Project object */ = {
			isa = PBXProject;
			attributes = {
				LastSwiftUpdateCheck = 0710;
				LastUpgradeCheck = 0710;
				ORGANIZATIONNAME = "mitchell hudson";
				TargetAttributes = {
					7BFBFCA41BF286B000F72B29 = {
						CreatedOnToolsVersion = 7.1;
					};
				};
			};
			buildConfigurationList = 7BFBFCA01BF286B000F72B29 /* Build configuration list for PBXProject "TodoApp" */;
			compatibilityVersion = "Xcode 3.2";
			developmentRegion = English;
			hasScannedForEncodings = 0;
			knownRegions = (
				en,
				Base,
			);
			mainGroup = 7BFBFC9C1BF286B000F72B29;
			productRefGroup = 7BFBFCA61BF286B000F72B29 /* Products */;
			projectDirPath = "";
			projectRoot = "";
			targets = (
				7BFBFCA41BF286B000F72B29 /* TodoApp */,
			);
		};
/* End PBXProject section */

/* Begin PBXResourcesBuildPhase section */
		7BFBFCA31BF286B000F72B29 /* Resources */ = {
			isa = PBXResourcesBuildPhase;
			buildActionMask = 2147483647;
			files = (
				7BFBFCB61BF286B000F72B29 /* LaunchScreen.storyboard in Resources */,
				7BFBFCB31BF286B000F72B29 /* Assets.xcassets in Resources */,
				7BFBFCAE1BF286B000F72B29 /* Main.storyboard in Resources */,
			);
			runOnlyForDeploymentPostprocessing = 0;
		};
/* End PBXResourcesBuildPhase section */

/* Begin PBXSourcesBuildPhase section */
		7BFBFCA11BF286B000F72B29 /* Sources */ = {
			isa = PBXSourcesBuildPhase;
			buildActionMask = 2147483647;
			files = (
				7BFBFCAB1BF286B000F72B29 /* ViewController.swift in Sources */,
				7BFBFCB11BF286B000F72B29 /* TodoApp.xcdatamodeld in Sources */,
				7BFBFCA91BF286B000F72B29 /* AppDelegate.swift in Sources */,
			);
			runOnlyForDeploymentPostprocessing = 0;
		};
/* End PBXSourcesBuildPhase section */

/* Begin PBXVariantGroup section */
		7BFBFCAC1BF286B000F72B29 /* Main.storyboard */ = {
			isa = PBXVariantGroup;
			children = (
				7BFBFCAD1BF286B000F72B29 /* Base */,
			);
			name = Main.storyboard;
			sourceTree = "<group>";
		};
		7BFBFCB41BF286B000F72B29 /* LaunchScreen.storyboard */ = {
			isa = PBXVariantGroup;
			children = (
				7BFBFCB51BF286B000F72B29 /* Base */,
			);
			name = LaunchScreen.storyboard;
			sourceTree = "<group>";
		};
/* End PBXVariantGroup section */

/* Begin XCBuildConfiguration section */
		7BFBFCB81BF286B000F72B29 /* Debug */ = {
			isa = XCBuildConfiguration;
			buildSettings = {
				ALWAYS_SEARCH_USER_PATHS = NO;
				CLANG_CXX_LANGUAGE_STANDARD = "gnu++0x";
				CLANG_CXX_LIBRARY = "libc++";
				CLANG_ENABLE_MODULES = YES;
				CLANG_ENABLE_OBJC_ARC = YES;
				CLANG_WARN_BOOL_CONVERSION = YES;
				CLANG_WARN_CONSTANT_CONVERSION = YES;
				CLANG_WARN_DIRECT_OBJC_ISA_USAGE = YES_ERROR;
				CLANG_WARN_EMPTY_BODY = YES;
				CLANG_WARN_ENUM_CONVERSION = YES;
				CLANG_WARN_INT_CONVERSION = YES;
				CLANG_WARN_OBJC_ROOT_CLASS = YES_ERROR;
				CLANG_WARN_UNREACHABLE_CODE = YES;
				CLANG_WARN__DUPLICATE_METHOD_MATCH = YES;
				"CODE_SIGN_IDENTITY[sdk=iphoneos*]" = "iPhone Developer";
				COPY_PHASE_STRIP = NO;
				DEBUG_INFORMATION_FORMAT = dwarf;
				ENABLE_STRICT_OBJC_MSGSEND = YES;
				ENABLE_TESTABILITY = YES;
				GCC_C_LANGUAGE_STANDARD = gnu99;
				GCC_DYNAMIC_NO_PIC = NO;
				GCC_NO_COMMON_BLOCKS = YES;
				GCC_OPTIMIZATION_LEVEL = 0;
				GCC_PREPROCESSOR_DEFINITIONS = (
					"DEBUG=1",
					"$(inherited)",
				);
				GCC_WARN_64_TO_32_BIT_CONVERSION = YES;
				GCC_WARN_ABOUT_RETURN_TYPE = YES_ERROR;
				GCC_WARN_UNDECLARED_SELECTOR = YES;
				GCC_WARN_UNINITIALIZED_AUTOS = YES_AGGRESSIVE;
				GCC_WARN_UNUSED_FUNCTION = YES;
				GCC_WARN_UNUSED_VARIABLE = YES;
				IPHONEOS_DEPLOYMENT_TARGET = 9.1;
				MTL_ENABLE_DEBUG_INFO = YES;
				ONLY_ACTIVE_ARCH = YES;
				SDKROOT = iphoneos;
				SWIFT_OPTIMIZATION_LEVEL = "-Onone";
			};
			name = Debug;
		};
		7BFBFCB91BF286B000F72B29 /* Release */ = {
			isa = XCBuildConfiguration;
			buildSettings = {
				ALWAYS_SEARCH_USER_PATHS = NO;
				CLANG_CXX_LANGUAGE_STANDARD = "gnu++0x";
				CLANG_CXX_LIBRARY = "libc++";
				CLANG_ENABLE_MODULES = YES;
				CLANG_ENABLE_OBJC_ARC = YES;
				CLANG_WARN_BOOL_CONVERSION = YES;
				CLANG_WARN_CONSTANT_CONVERSION = YES;
				CLANG_WARN_DIRECT_OBJC_ISA_USAGE = YES_ERROR;
				CLANG_WARN_EMPTY_BODY = YES;
				CLANG_WARN_ENUM_CONVERSION = YES;
				CLANG_WARN_INT_CONVERSION = YES;
				CLANG_WARN_OBJC_ROOT_CLASS = YES_ERROR;
				CLANG_WARN_UNREACHABLE_CODE = YES;
				CLANG_WARN__DUPLICATE_METHOD_MATCH = YES;
				"CODE_SIGN_IDENTITY[sdk=iphoneos*]" = "iPhone Developer";
				COPY_PHASE_STRIP = NO;
				DEBUG_INFORMATION_FORMAT = "dwarf-with-dsym";
				ENABLE_NS_ASSERTIONS = NO;
				ENABLE_STRICT_OBJC_MSGSEND = YES;
				GCC_C_LANGUAGE_STANDARD = gnu99;
				GCC_NO_COMMON_BLOCKS = YES;
				GCC_WARN_64_TO_32_BIT_CONVERSION = YES;
				GCC_WARN_ABOUT_RETURN_TYPE = YES_ERROR;
				GCC_WARN_UNDECLARED_SELECTOR = YES;
				GCC_WARN_UNINITIALIZED_AUTOS = YES_AGGRESSIVE;
				GCC_WARN_UNUSED_FUNCTION = YES;
				GCC_WARN_UNUSED_VARIABLE = YES;
				IPHONEOS_DEPLOYMENT_TARGET = 9.1;
				MTL_ENABLE_DEBUG_INFO = NO;
				SDKROOT = iphoneos;
				VALIDATE_PRODUCT = YES;
			};
			name = Release;
		};
		7BFBFCBB1BF286B000F72B29 /* Debug */ = {
			isa = XCBuildConfiguration;
			buildSettings = {
				ASSETCATALOG_COMPILER_APPICON_NAME = AppIcon;
				INFOPLIST_FILE = TodoApp/Info.plist;
				LD_RUNPATH_SEARCH_PATHS = "$(inherited) @executable_path/Frameworks";
				PRODUCT_BUNDLE_IDENTIFIER = com.webdevils.TodoApp;
				PRODUCT_NAME = "$(TARGET_NAME)";
			};
			name = Debug;
		};
		7BFBFCBC1BF286B000F72B29 /* Release */ = {
			isa = XCBuildConfiguration;
			buildSettings = {
				ASSETCATALOG_COMPILER_APPICON_NAME = AppIcon;
				INFOPLIST_FILE = TodoApp/Info.plist;
				LD_RUNPATH_SEARCH_PATHS = "$(inherited) @executable_path/Frameworks";
				PRODUCT_BUNDLE_IDENTIFIER = com.webdevils.TodoApp;
				PRODUCT_NAME = "$(TARGET_NAME)";
			};
			name = Release;
		};
/* End XCBuildConfiguration section */

/* Begin XCConfigurationList section */
		7BFBFCA01BF286B000F72B29 /* Build configuration list for PBXProject "TodoApp" */ = {
			isa = XCConfigurationList;
			buildConfigurations = (
				7BFBFCB81BF286B000F72B29 /* Debug */,
				7BFBFCB91BF286B000F72B29 /* Release */,
			);
			defaultConfigurationIsVisible = 0;
			defaultConfigurationName = Release;
		};
		7BFBFCBA1BF286B000F72B29 /* Build configuration list for PBXNativeTarget "TodoApp" */ = {
			isa = XCConfigurationList;
			buildConfigurations = (
				7BFBFCBB1BF286B000F72B29 /* Debug */,
				7BFBFCBC1BF286B000F72B29 /* Release */,
			);
			defaultConfigurationIsVisible = 0;
		};
/* End XCConfigurationList section */

/* Begin XCVersionGroup section */
		7BFBFCAF1BF286B000F72B29 /* TodoApp.xcdatamodeld */ = {
			isa = XCVersionGroup;
			children = (
				7BFBFCB01BF286B000F72B29 /* TodoApp.xcdatamodel */,
			);
			currentVersion = 7BFBFCB01BF286B000F72B29 /* TodoApp.xcdatamodel */;
			path = TodoApp.xcdatamodeld;
			sourceTree = "<group>";
			versionGroupType = wrapper.xcdatamodel;
		};
/* End XCVersionGroup section */
	};
	rootObject = 7BFBFC9D1BF286B000F72B29 /* Project object */;
}
